<?xml version="1.0" encoding="utf-8"?>
<Project ToolsVersion="4.0" xmlns="http://schemas.microsoft.com/developer/msbuild/2003">
  <ItemGroup>
    <Filter Include="Tron">
      <UniqueIdentifier>{08138D7C-F449-8E0D-9D36-7410894C0A0F}</UniqueIdentifier>
    </Filter>
  </ItemGroup>
  <ItemGroup>
    <ClInclude Include="src\Tron.h" />
    <ClInclude Include="src\Tron\Application.h">
      <Filter>Tron</Filter>
    </ClInclude>
    <ClInclude Include="src\Tron\Core.h">
      <Filter>Tron</Filter>
    </ClInclude>
    <ClInclude Include="src\Tron\EntryPoint.h">
      <Filter>Tron</Filter>
    </ClInclude>
    <ClInclude Include="src\Tron\Log.h">
      <Filter>Tron</Filter>
    </ClInclude>
  </ItemGroup>
  <ItemGroup>
    <ClCompile Include="src\Tron\Application.cpp">
      <Filter>Tron</Filter>
    </ClCompile>
    <ClCompile Include="src\Tron\Log.cpp">
      <Filter>Tron</Filter>
    </ClCompile>
  </ItemGroup>
</Project>