<?xml version="1.0" encoding="utf-8"?>
<Project ToolsVersion="4.0" xmlns="http://schemas.microsoft.com/developer/msbuild/2003">
  <ItemGroup>
    <ClInclude Include="src\Tron\Core.h" />
    <ClInclude Include="src\Tron\Application.h" />
    <ClInclude Include="src\Tron.h" />
    <ClInclude Include="src\Tron\EntryPoint.h" />
    <ClInclude Include="src\Tron\Log.h" />
  </ItemGroup>
  <ItemGroup>
    <ClCompile Include="src\Tron\Application.cpp" />
    <ClCompile Include="src\Tron\Log.cpp" />
  </ItemGroup>
</Project>